
Microsoft Visual Studio Solution File, Format Version 12.00
# Visual Studio 14
VisualStudioVersion = 14.0.25420.1
MinimumVisualStudioVersion = 10.0.40219.1
Project("{FAE04EC0-301F-11D3-BF4B-00C04F79EFBC}") = "Crypto", "Crypto\Crypto.csproj", "{A195141B-3D81-40D8-8B11-5B8AC9A3E274}"
EndProject
Project("{FAE04EC0-301F-11D3-BF4B-00C04F79EFBC}") = "test", "test\test.csproj", "{F3C976FD-3232-4DD4-BB2B-599206C194B2}"
EndProject
Project("{2150E333-8FDC-42A3-9474-1A3956D46DE8}") = "Solution Items", "Solution Items", "{AF533F3B-4FFA-4171-829C-D67130329CDD}"
	ProjectSection(SolutionItems) = preProject
		README-en.md = README-en.md
		README.md = README.md
	EndProjectSection
EndProject
Global
	GlobalSection(SolutionConfigurationPlatforms) = preSolution
		Debug|Any CPU = Debug|Any CPU
		Release|Any CPU = Release|Any CPU
	EndGlobalSection
	GlobalSection(ProjectConfigurationPlatforms) = postSolution
		{A195141B-3D81-40D8-8B11-5B8AC9A3E274}.Debug|Any CPU.ActiveCfg = Debug|Any CPU
		{A195141B-3D81-40D8-8B11-5B8AC9A3E274}.Debug|Any CPU.Build.0 = Debug|Any CPU
		{A195141B-3D81-40D8-8B11-5B8AC9A3E274}.Release|Any CPU.ActiveCfg = Release|Any CPU
		{A195141B-3D81-40D8-8B11-5B8AC9A3E274}.Release|Any CPU.Build.0 = Release|Any CPU
		{F3C976FD-3232-4DD4-BB2B-599206C194B2}.Debug|Any CPU.ActiveCfg = Debug|Any CPU
		{F3C976FD-3232-4DD4-BB2B-599206C194B2}.Debug|Any CPU.Build.0 = Debug|Any CPU
		{F3C976FD-3232-4DD4-BB2B-599206C194B2}.Release|Any CPU.ActiveCfg = Release|Any CPU
		{F3C976FD-3232-4DD4-BB2B-599206C194B2}.Release|Any CPU.Build.0 = Release|Any CPU
	EndGlobalSection
	GlobalSection(SolutionProperties) = preSolution
		HideSolutionNode = FALSE
	EndGlobalSection
EndGlobal
